
Microsoft Visual Studio Solution File, Format Version 12.00
# Visual Studio Version 16
VisualStudioVersion = 16.0.30225.117
MinimumVisualStudioVersion = 10.0.40219.1
Project("{FAE04EC0-301F-11D3-BF4B-00C04F79EFBC}") = "EjercicioPoo2Unidad", "EjercicioPoo2Unidad\EjercicioPoo2Unidad.csproj", "{944E750C-0CD2-4E08-A80F-7986B9462EB6}"
EndProject
Project("{FAE04EC0-301F-11D3-BF4B-00C04F79EFBC}") = "Ejercicio3", "Ejercicio3\Ejercicio3.csproj", "{D1FD3B5E-8494-4363-B19A-5D73BC521EB3}"
EndProject
Project("{FAE04EC0-301F-11D3-BF4B-00C04F79EFBC}") = "Ejercicio1", "Ejercicio1\Ejercicio1.csproj", "{7ACD7B64-DE95-4103-9AB1-6735F90A4837}"
EndProject
Global
	GlobalSection(SolutionConfigurationPlatforms) = preSolution
		Debug|Any CPU = Debug|Any CPU
		Release|Any CPU = Release|Any CPU
	EndGlobalSection
	GlobalSection(ProjectConfigurationPlatforms) = postSolution
		{944E750C-0CD2-4E08-A80F-7986B9462EB6}.Debug|Any CPU.ActiveCfg = Debug|Any CPU
		{944E750C-0CD2-4E08-A80F-7986B9462EB6}.Debug|Any CPU.Build.0 = Debug|Any CPU
		{944E750C-0CD2-4E08-A80F-7986B9462EB6}.Release|Any CPU.ActiveCfg = Release|Any CPU
		{944E750C-0CD2-4E08-A80F-7986B9462EB6}.Release|Any CPU.Build.0 = Release|Any CPU
		{D1FD3B5E-8494-4363-B19A-5D73BC521EB3}.Debug|Any CPU.ActiveCfg = Debug|Any CPU
		{D1FD3B5E-8494-4363-B19A-5D73BC521EB3}.Debug|Any CPU.Build.0 = Debug|Any CPU
		{D1FD3B5E-8494-4363-B19A-5D73BC521EB3}.Release|Any CPU.ActiveCfg = Release|Any CPU
		{D1FD3B5E-8494-4363-B19A-5D73BC521EB3}.Release|Any CPU.Build.0 = Release|Any CPU
		{7ACD7B64-DE95-4103-9AB1-6735F90A4837}.Debug|Any CPU.ActiveCfg = Debug|Any CPU
		{7ACD7B64-DE95-4103-9AB1-6735F90A4837}.Debug|Any CPU.Build.0 = Debug|Any CPU
		{7ACD7B64-DE95-4103-9AB1-6735F90A4837}.Release|Any CPU.ActiveCfg = Release|Any CPU
		{7ACD7B64-DE95-4103-9AB1-6735F90A4837}.Release|Any CPU.Build.0 = Release|Any CPU
	EndGlobalSection
	GlobalSection(SolutionProperties) = preSolution
		HideSolutionNode = FALSE
	EndGlobalSection
	GlobalSection(ExtensibilityGlobals) = postSolution
		SolutionGuid = {20C92D27-222A-4BA4-92CB-415525000B22}
	EndGlobalSection
EndGlobal
